
Microsoft Visual Studio Solution File, Format Version 12.00
# Visual Studio Version 17
VisualStudioVersion = 17.10.34928.147
MinimumVisualStudioVersion = 10.0.40219.1
Project("{FAE04EC0-301F-11D3-BF4B-00C04F79EFBC}") = "RedirectResultPart-2-Example", "RedirectResultPart-2-Example\RedirectResultPart-2-Example.csproj", "{99A9857F-8F08-4DA3-8515-6C6B442D1C4C}"
EndProject
Global
	GlobalSection(SolutionConfigurationPlatforms) = preSolution
		Debug|Any CPU = Debug|Any CPU
		Release|Any CPU = Release|Any CPU
	EndGlobalSection
	GlobalSection(ProjectConfigurationPlatforms) = postSolution
		{99A9857F-8F08-4DA3-8515-6C6B442D1C4C}.Debug|Any CPU.ActiveCfg = Debug|Any CPU
		{99A9857F-8F08-4DA3-8515-6C6B442D1C4C}.Debug|Any CPU.Build.0 = Debug|Any CPU
		{99A9857F-8F08-4DA3-8515-6C6B442D1C4C}.Release|Any CPU.ActiveCfg = Release|Any CPU
		{99A9857F-8F08-4DA3-8515-6C6B442D1C4C}.Release|Any CPU.Build.0 = Release|Any CPU
	EndGlobalSection
	GlobalSection(SolutionProperties) = preSolution
		HideSolutionNode = FALSE
	EndGlobalSection
	GlobalSection(ExtensibilityGlobals) = postSolution
		SolutionGuid = {4E780294-8BA3-4728-BDFB-FF4E27B8ACE3}
	EndGlobalSection
EndGlobal
