
Microsoft Visual Studio Solution File, Format Version 12.00
# Visual Studio Version 17
VisualStudioVersion = 17.10.34928.147
MinimumVisualStudioVersion = 10.0.40219.1
Project("{FAE04EC0-301F-11D3-BF4B-00C04F79EFBC}") = "CreatingControllersExample", "CreatingControllersExample\CreatingControllersExample.csproj", "{6B6E00F4-B798-49F2-9E36-97FF51D65554}"
EndProject
Global
	GlobalSection(SolutionConfigurationPlatforms) = preSolution
		Debug|Any CPU = Debug|Any CPU
		Release|Any CPU = Release|Any CPU
	EndGlobalSection
	GlobalSection(ProjectConfigurationPlatforms) = postSolution
		{6B6E00F4-B798-49F2-9E36-97FF51D65554}.Debug|Any CPU.ActiveCfg = Debug|Any CPU
		{6B6E00F4-B798-49F2-9E36-97FF51D65554}.Debug|Any CPU.Build.0 = Debug|Any CPU
		{6B6E00F4-B798-49F2-9E36-97FF51D65554}.Release|Any CPU.ActiveCfg = Release|Any CPU
		{6B6E00F4-B798-49F2-9E36-97FF51D65554}.Release|Any CPU.Build.0 = Release|Any CPU
	EndGlobalSection
	GlobalSection(SolutionProperties) = preSolution
		HideSolutionNode = FALSE
	EndGlobalSection
	GlobalSection(ExtensibilityGlobals) = postSolution
		SolutionGuid = {79EC327E-7668-49B6-9974-E29EFC95BA34}
	EndGlobalSection
EndGlobal
