
Microsoft Visual Studio Solution File, Format Version 12.00
# Visual Studio Version 17
VisualStudioVersion = 17.10.34928.147
MinimumVisualStudioVersion = 10.0.40219.1
Project("{FAE04EC0-301F-11D3-BF4B-00C04F79EFBC}") = "CustomValidationExample", "CustomValidationExample\CustomValidationExample.csproj", "{3AB29C0D-2C81-47C7-9E1E-0C8765140D55}"
EndProject
Global
	GlobalSection(SolutionConfigurationPlatforms) = preSolution
		Debug|Any CPU = Debug|Any CPU
		Release|Any CPU = Release|Any CPU
	EndGlobalSection
	GlobalSection(ProjectConfigurationPlatforms) = postSolution
		{3AB29C0D-2C81-47C7-9E1E-0C8765140D55}.Debug|Any CPU.ActiveCfg = Debug|Any CPU
		{3AB29C0D-2C81-47C7-9E1E-0C8765140D55}.Debug|Any CPU.Build.0 = Debug|Any CPU
		{3AB29C0D-2C81-47C7-9E1E-0C8765140D55}.Release|Any CPU.ActiveCfg = Release|Any CPU
		{3AB29C0D-2C81-47C7-9E1E-0C8765140D55}.Release|Any CPU.Build.0 = Release|Any CPU
	EndGlobalSection
	GlobalSection(SolutionProperties) = preSolution
		HideSolutionNode = FALSE
	EndGlobalSection
	GlobalSection(ExtensibilityGlobals) = postSolution
		SolutionGuid = {2BE0A2C1-661E-4CD7-AF38-4CC3B4397A1C}
	EndGlobalSection
EndGlobal
