
Microsoft Visual Studio Solution File, Format Version 12.00
# Visual Studio Version 17
VisualStudioVersion = 17.10.34928.147
MinimumVisualStudioVersion = 10.0.40219.1
Project("{FAE04EC0-301F-11D3-BF4B-00C04F79EFBC}") = "ModelStateExample", "ModelStateExample\ModelStateExample.csproj", "{846BC99C-B2D1-4DBD-ADB0-BDC1463C36CA}"
EndProject
Global
	GlobalSection(SolutionConfigurationPlatforms) = preSolution
		Debug|Any CPU = Debug|Any CPU
		Release|Any CPU = Release|Any CPU
	EndGlobalSection
	GlobalSection(ProjectConfigurationPlatforms) = postSolution
		{846BC99C-B2D1-4DBD-ADB0-BDC1463C36CA}.Debug|Any CPU.ActiveCfg = Debug|Any CPU
		{846BC99C-B2D1-4DBD-ADB0-BDC1463C36CA}.Debug|Any CPU.Build.0 = Debug|Any CPU
		{846BC99C-B2D1-4DBD-ADB0-BDC1463C36CA}.Release|Any CPU.ActiveCfg = Release|Any CPU
		{846BC99C-B2D1-4DBD-ADB0-BDC1463C36CA}.Release|Any CPU.Build.0 = Release|Any CPU
	EndGlobalSection
	GlobalSection(SolutionProperties) = preSolution
		HideSolutionNode = FALSE
	EndGlobalSection
	GlobalSection(ExtensibilityGlobals) = postSolution
		SolutionGuid = {DABE17F9-84A3-440A-995B-78C16AEE6C6D}
	EndGlobalSection
EndGlobal
