
Microsoft Visual Studio Solution File, Format Version 12.00
# Visual Studio Version 17
VisualStudioVersion = 17.10.34928.147
MinimumVisualStudioVersion = 10.0.40219.1
Project("{FAE04EC0-301F-11D3-BF4B-00C04F79EFBC}") = "CustomRouteConstraintClassExample", "CustomRouteConstraintClassExample\CustomRouteConstraintClassExample.csproj", "{D26BBAA5-4605-4B2F-BB13-6F21B18D6FBD}"
EndProject
Global
	GlobalSection(SolutionConfigurationPlatforms) = preSolution
		Debug|Any CPU = Debug|Any CPU
		Release|Any CPU = Release|Any CPU
	EndGlobalSection
	GlobalSection(ProjectConfigurationPlatforms) = postSolution
		{D26BBAA5-4605-4B2F-BB13-6F21B18D6FBD}.Debug|Any CPU.ActiveCfg = Debug|Any CPU
		{D26BBAA5-4605-4B2F-BB13-6F21B18D6FBD}.Debug|Any CPU.Build.0 = Debug|Any CPU
		{D26BBAA5-4605-4B2F-BB13-6F21B18D6FBD}.Release|Any CPU.ActiveCfg = Release|Any CPU
		{D26BBAA5-4605-4B2F-BB13-6F21B18D6FBD}.Release|Any CPU.Build.0 = Release|Any CPU
	EndGlobalSection
	GlobalSection(SolutionProperties) = preSolution
		HideSolutionNode = FALSE
	EndGlobalSection
	GlobalSection(ExtensibilityGlobals) = postSolution
		SolutionGuid = {9B25DD94-0698-4BEC-BD1D-1C34B3ED2337}
	EndGlobalSection
EndGlobal
