
Microsoft Visual Studio Solution File, Format Version 12.00
# Visual Studio Version 17
VisualStudioVersion = 17.10.34928.147
MinimumVisualStudioVersion = 10.0.40219.1
Project("{FAE04EC0-301F-11D3-BF4B-00C04F79EFBC}") = "JsonResultExample", "JsonResultExample\JsonResultExample.csproj", "{52F08B75-77B3-4A45-95B8-4B64EB151C1B}"
EndProject
Global
	GlobalSection(SolutionConfigurationPlatforms) = preSolution
		Debug|Any CPU = Debug|Any CPU
		Release|Any CPU = Release|Any CPU
	EndGlobalSection
	GlobalSection(ProjectConfigurationPlatforms) = postSolution
		{52F08B75-77B3-4A45-95B8-4B64EB151C1B}.Debug|Any CPU.ActiveCfg = Debug|Any CPU
		{52F08B75-77B3-4A45-95B8-4B64EB151C1B}.Debug|Any CPU.Build.0 = Debug|Any CPU
		{52F08B75-77B3-4A45-95B8-4B64EB151C1B}.Release|Any CPU.ActiveCfg = Release|Any CPU
		{52F08B75-77B3-4A45-95B8-4B64EB151C1B}.Release|Any CPU.Build.0 = Release|Any CPU
	EndGlobalSection
	GlobalSection(SolutionProperties) = preSolution
		HideSolutionNode = FALSE
	EndGlobalSection
	GlobalSection(ExtensibilityGlobals) = postSolution
		SolutionGuid = {817075F2-FD7E-41B7-A9D2-C44BA7DB8FFC}
	EndGlobalSection
EndGlobal
