
Microsoft Visual Studio Solution File, Format Version 12.00
# Visual Studio Version 17
VisualStudioVersion = 17.10.34928.147
MinimumVisualStudioVersion = 10.0.40219.1
Project("{FAE04EC0-301F-11D3-BF4B-00C04F79EFBC}") = "RedirectResultPart-1-Example", "RedirectResultPart-1-Example\RedirectResultPart-1-Example.csproj", "{C4739158-263C-44FE-8526-5C406943A9AE}"
EndProject
Global
	GlobalSection(SolutionConfigurationPlatforms) = preSolution
		Debug|Any CPU = Debug|Any CPU
		Release|Any CPU = Release|Any CPU
	EndGlobalSection
	GlobalSection(ProjectConfigurationPlatforms) = postSolution
		{C4739158-263C-44FE-8526-5C406943A9AE}.Debug|Any CPU.ActiveCfg = Debug|Any CPU
		{C4739158-263C-44FE-8526-5C406943A9AE}.Debug|Any CPU.Build.0 = Debug|Any CPU
		{C4739158-263C-44FE-8526-5C406943A9AE}.Release|Any CPU.ActiveCfg = Release|Any CPU
		{C4739158-263C-44FE-8526-5C406943A9AE}.Release|Any CPU.Build.0 = Release|Any CPU
	EndGlobalSection
	GlobalSection(SolutionProperties) = preSolution
		HideSolutionNode = FALSE
	EndGlobalSection
	GlobalSection(ExtensibilityGlobals) = postSolution
		SolutionGuid = {E13ADBD4-D1FC-4ECE-BF16-F4ADBB114306}
	EndGlobalSection
EndGlobal
