
Microsoft Visual Studio Solution File, Format Version 12.00
# Visual Studio Version 17
VisualStudioVersion = 17.10.34928.147
MinimumVisualStudioVersion = 10.0.40219.1
Project("{FAE04EC0-301F-11D3-BF4B-00C04F79EFBC}") = "ServicesDIExample", "ServicesDIExample\ServicesDIExample.csproj", "{2472774A-9DC2-4507-A35E-2676788E23F5}"
EndProject
Project("{FAE04EC0-301F-11D3-BF4B-00C04F79EFBC}") = "Services", "Services\Services.csproj", "{6226057D-B95B-4384-9EAA-BBFDBB84E307}"
EndProject
Global
	GlobalSection(SolutionConfigurationPlatforms) = preSolution
		Debug|Any CPU = Debug|Any CPU
		Release|Any CPU = Release|Any CPU
	EndGlobalSection
	GlobalSection(ProjectConfigurationPlatforms) = postSolution
		{2472774A-9DC2-4507-A35E-2676788E23F5}.Debug|Any CPU.ActiveCfg = Debug|Any CPU
		{2472774A-9DC2-4507-A35E-2676788E23F5}.Debug|Any CPU.Build.0 = Debug|Any CPU
		{2472774A-9DC2-4507-A35E-2676788E23F5}.Release|Any CPU.ActiveCfg = Release|Any CPU
		{2472774A-9DC2-4507-A35E-2676788E23F5}.Release|Any CPU.Build.0 = Release|Any CPU
		{6226057D-B95B-4384-9EAA-BBFDBB84E307}.Debug|Any CPU.ActiveCfg = Debug|Any CPU
		{6226057D-B95B-4384-9EAA-BBFDBB84E307}.Debug|Any CPU.Build.0 = Debug|Any CPU
		{6226057D-B95B-4384-9EAA-BBFDBB84E307}.Release|Any CPU.ActiveCfg = Release|Any CPU
		{6226057D-B95B-4384-9EAA-BBFDBB84E307}.Release|Any CPU.Build.0 = Release|Any CPU
	EndGlobalSection
	GlobalSection(SolutionProperties) = preSolution
		HideSolutionNode = FALSE
	EndGlobalSection
	GlobalSection(ExtensibilityGlobals) = postSolution
		SolutionGuid = {29D6D21B-2E66-42B3-9F4A-7842AC3934BB}
	EndGlobalSection
EndGlobal
