
Microsoft Visual Studio Solution File, Format Version 12.00
# Visual Studio Version 17
VisualStudioVersion = 17.10.34928.147
MinimumVisualStudioVersion = 10.0.40219.1
Project("{FAE04EC0-301F-11D3-BF4B-00C04F79EFBC}") = "CustomMiddlewareExample", "CustomMiddlewareExample\CustomMiddlewareExample.csproj", "{3C3B732B-F9A8-4B81-B13A-3B1DA00006B1}"
EndProject
Global
	GlobalSection(SolutionConfigurationPlatforms) = preSolution
		Debug|Any CPU = Debug|Any CPU
		Release|Any CPU = Release|Any CPU
	EndGlobalSection
	GlobalSection(ProjectConfigurationPlatforms) = postSolution
		{3C3B732B-F9A8-4B81-B13A-3B1DA00006B1}.Debug|Any CPU.ActiveCfg = Debug|Any CPU
		{3C3B732B-F9A8-4B81-B13A-3B1DA00006B1}.Debug|Any CPU.Build.0 = Debug|Any CPU
		{3C3B732B-F9A8-4B81-B13A-3B1DA00006B1}.Release|Any CPU.ActiveCfg = Release|Any CPU
		{3C3B732B-F9A8-4B81-B13A-3B1DA00006B1}.Release|Any CPU.Build.0 = Release|Any CPU
	EndGlobalSection
	GlobalSection(SolutionProperties) = preSolution
		HideSolutionNode = FALSE
	EndGlobalSection
	GlobalSection(ExtensibilityGlobals) = postSolution
		SolutionGuid = {A38A9C06-9355-4C79-AEC9-32CFC20CF4C9}
	EndGlobalSection
EndGlobal
